{
  "name": "launch_first_yarn_install",
  "version": "1.0.0",
  "lockfileVersion": 1,
  "requires": true,
  "dependencies": {
    "lodash": {
      "version": "4.17.4",
      "resolved": "https://registry.npmjs.org/lodash/-/lodash-4.17.4.tgz",
      "integrity": "sha1-eCA6TRwyiuHYbcpkYONptX9AVa4="
    },
    "yarn": {
      "version": "1.2.1",
      "resolved": "https://registry.npmjs.org/yarn/-/yarn-1.2.1.tgz",
      "integrity": "sha1-DWKNwBQ4iBoWY6b4PL96xdt6dfw="
    }
  }
}
